
Microsoft Visual Studio Solution File, Format Version 12.00
# Visual Studio Version 16
VisualStudioVersion = 16.0.31515.178
MinimumVisualStudioVersion = 10.0.40219.1
Project("{9A19103F-16F7-4668-BE54-9A1E7A4F7556}") = "JustBlog.Infrastructure", "JustBlog.Infrastructure\JustBlog.Infrastructure.csproj", "{7D2EB2E7-808B-4AC8-90C0-6F3157B6B67F}"
EndProject
Project("{9A19103F-16F7-4668-BE54-9A1E7A4F7556}") = "JustBlog.Model", "JustBlog.Model\JustBlog.Model.csproj", "{C53ECD99-42BA-4DFD-999B-C74648932B0E}"
EndProject
Project("{9A19103F-16F7-4668-BE54-9A1E7A4F7556}") = "JustBlog.WebApp", "JustBlog.WebApp\JustBlog.WebApp.csproj", "{638648EE-2E75-4CFB-9C7F-01CEA32E46BE}"
EndProject
Project("{9A19103F-16F7-4668-BE54-9A1E7A4F7556}") = "JustBlog.Application", "JustBlog.Application\JustBlog.Application.csproj", "{0393223B-7547-4683-AF8E-FEDBF7705A99}"
EndProject
Project("{9A19103F-16F7-4668-BE54-9A1E7A4F7556}") = "JustBlog.UnitTests", "JustBlog.UnitTests\JustBlog.UnitTests.csproj", "{3A7A102B-79CD-43CD-8481-5A3F2AF95C54}"
EndProject
Project("{9A19103F-16F7-4668-BE54-9A1E7A4F7556}") = "JustBlog.ViewModel", "JustBlog.ViewModel\JustBlog.ViewModel.csproj", "{37F2E557-4F86-498E-ADDD-CE4BA2C160C7}"
EndProject
Project("{9A19103F-16F7-4668-BE54-9A1E7A4F7556}") = "JustBlog.Common", "JustBlog.Common\JustBlog.Common.csproj", "{37B3618D-24B4-4D73-BD33-A0D49947D2AE}"
EndProject
Project("{FAE04EC0-301F-11D3-BF4B-00C04F79EFBC}") = "JustBlog.WebAPI", "JustBlog.WebAPI\JustBlog.WebAPI.csproj", "{A97AA51E-A23A-46B1-A513-F50C0566360B}"
EndProject
Global
	GlobalSection(SolutionConfigurationPlatforms) = preSolution
		Debug|Any CPU = Debug|Any CPU
		Release|Any CPU = Release|Any CPU
	EndGlobalSection
	GlobalSection(ProjectConfigurationPlatforms) = postSolution
		{7D2EB2E7-808B-4AC8-90C0-6F3157B6B67F}.Debug|Any CPU.ActiveCfg = Debug|Any CPU
		{7D2EB2E7-808B-4AC8-90C0-6F3157B6B67F}.Debug|Any CPU.Build.0 = Debug|Any CPU
		{7D2EB2E7-808B-4AC8-90C0-6F3157B6B67F}.Release|Any CPU.ActiveCfg = Release|Any CPU
		{7D2EB2E7-808B-4AC8-90C0-6F3157B6B67F}.Release|Any CPU.Build.0 = Release|Any CPU
		{C53ECD99-42BA-4DFD-999B-C74648932B0E}.Debug|Any CPU.ActiveCfg = Debug|Any CPU
		{C53ECD99-42BA-4DFD-999B-C74648932B0E}.Debug|Any CPU.Build.0 = Debug|Any CPU
		{C53ECD99-42BA-4DFD-999B-C74648932B0E}.Release|Any CPU.ActiveCfg = Release|Any CPU
		{C53ECD99-42BA-4DFD-999B-C74648932B0E}.Release|Any CPU.Build.0 = Release|Any CPU
		{638648EE-2E75-4CFB-9C7F-01CEA32E46BE}.Debug|Any CPU.ActiveCfg = Debug|Any CPU
		{638648EE-2E75-4CFB-9C7F-01CEA32E46BE}.Debug|Any CPU.Build.0 = Debug|Any CPU
		{638648EE-2E75-4CFB-9C7F-01CEA32E46BE}.Release|Any CPU.ActiveCfg = Release|Any CPU
		{638648EE-2E75-4CFB-9C7F-01CEA32E46BE}.Release|Any CPU.Build.0 = Release|Any CPU
		{0393223B-7547-4683-AF8E-FEDBF7705A99}.Debug|Any CPU.ActiveCfg = Debug|Any CPU
		{0393223B-7547-4683-AF8E-FEDBF7705A99}.Debug|Any CPU.Build.0 = Debug|Any CPU
		{0393223B-7547-4683-AF8E-FEDBF7705A99}.Release|Any CPU.ActiveCfg = Release|Any CPU
		{0393223B-7547-4683-AF8E-FEDBF7705A99}.Release|Any CPU.Build.0 = Release|Any CPU
		{3A7A102B-79CD-43CD-8481-5A3F2AF95C54}.Debug|Any CPU.ActiveCfg = Debug|Any CPU
		{3A7A102B-79CD-43CD-8481-5A3F2AF95C54}.Debug|Any CPU.Build.0 = Debug|Any CPU
		{3A7A102B-79CD-43CD-8481-5A3F2AF95C54}.Release|Any CPU.ActiveCfg = Release|Any CPU
		{3A7A102B-79CD-43CD-8481-5A3F2AF95C54}.Release|Any CPU.Build.0 = Release|Any CPU
		{37F2E557-4F86-498E-ADDD-CE4BA2C160C7}.Debug|Any CPU.ActiveCfg = Debug|Any CPU
		{37F2E557-4F86-498E-ADDD-CE4BA2C160C7}.Debug|Any CPU.Build.0 = Debug|Any CPU
		{37F2E557-4F86-498E-ADDD-CE4BA2C160C7}.Release|Any CPU.ActiveCfg = Release|Any CPU
		{37F2E557-4F86-498E-ADDD-CE4BA2C160C7}.Release|Any CPU.Build.0 = Release|Any CPU
		{37B3618D-24B4-4D73-BD33-A0D49947D2AE}.Debug|Any CPU.ActiveCfg = Debug|Any CPU
		{37B3618D-24B4-4D73-BD33-A0D49947D2AE}.Debug|Any CPU.Build.0 = Debug|Any CPU
		{37B3618D-24B4-4D73-BD33-A0D49947D2AE}.Release|Any CPU.ActiveCfg = Release|Any CPU
		{37B3618D-24B4-4D73-BD33-A0D49947D2AE}.Release|Any CPU.Build.0 = Release|Any CPU
		{A97AA51E-A23A-46B1-A513-F50C0566360B}.Debug|Any CPU.ActiveCfg = Debug|Any CPU
		{A97AA51E-A23A-46B1-A513-F50C0566360B}.Debug|Any CPU.Build.0 = Debug|Any CPU
		{A97AA51E-A23A-46B1-A513-F50C0566360B}.Release|Any CPU.ActiveCfg = Release|Any CPU
		{A97AA51E-A23A-46B1-A513-F50C0566360B}.Release|Any CPU.Build.0 = Release|Any CPU
	EndGlobalSection
	GlobalSection(SolutionProperties) = preSolution
		HideSolutionNode = FALSE
	EndGlobalSection
	GlobalSection(ExtensibilityGlobals) = postSolution
		SolutionGuid = {0EEA2A87-8046-494D-A6D4-288D8A4920FB}
	EndGlobalSection
EndGlobal
